
Microsoft Visual Studio Solution File, Format Version 10.00
# Visual Studio 2008
Project("{FAE04EC0-301F-11D3-BF4B-00C04F79EFBC}") = "C_Sharp_Practices", "C_Sharp_Practices.csproj", "{9FD03196-AFC0-411C-A1C1-D885B365B281}"
EndProject
Global
	GlobalSection(SolutionConfigurationPlatforms) = preSolution
		Debug|Any CPU = Debug|Any CPU
		Release|Any CPU = Release|Any CPU
	EndGlobalSection
	GlobalSection(ProjectConfigurationPlatforms) = postSolution
		{9FD03196-AFC0-411C-A1C1-D885B365B281}.Debug|Any CPU.ActiveCfg = Debug|Any CPU
		{9FD03196-AFC0-411C-A1C1-D885B365B281}.Debug|Any CPU.Build.0 = Debug|Any CPU
		{9FD03196-AFC0-411C-A1C1-D885B365B281}.Release|Any CPU.ActiveCfg = Release|Any CPU
		{9FD03196-AFC0-411C-A1C1-D885B365B281}.Release|Any CPU.Build.0 = Release|Any CPU
	EndGlobalSection
	GlobalSection(SolutionProperties) = preSolution
		HideSolutionNode = FALSE
	EndGlobalSection
EndGlobal
